
Microsoft Visual Studio Solution File, Format Version 10.00
# Visual Studio 2008
Project("{8BC9CEB8-8B4A-11D0-8D11-00A0C91BC942}") = "Foundation", "Foundation\Foundation.vcproj", "{B01196CC-B693-4548-8464-2FF60499E73F}"
EndProject
Project("{8BC9CEB8-8B4A-11D0-8D11-00A0C91BC942}") = "CppUnit", "CppUnit\CppUnit.vcproj", "{138BB448-808A-4FE5-A66D-78D1F8770F59}"
EndProject
Project("{8BC9CEB8-8B4A-11D0-8D11-00A0C91BC942}") = "WinTestRunner", "WinTestRunner\WinTestRunner.vcproj", "{BA620CC4-0E7D-4B9D-88E2-6DBE5C51FCBD}"
EndProject
Project("{8BC9CEB8-8B4A-11D0-8D11-00A0C91BC942}") = "JSON", "JSON\JSON.vcproj", "{0E7FE914-0690-3EB4-9119-93A97CC97741}"
EndProject
Project("{8BC9CEB8-8B4A-11D0-8D11-00A0C91BC942}") = "XML", "XML\XML.vcproj", "{9E211743-85FE-4977-82F3-4F04B40C912D}"
EndProject
Project("{8BC9CEB8-8B4A-11D0-8D11-00A0C91BC942}") = "Util", "Util\Util.vcproj", "{6FF56CDB-787A-4714-A28C-919003F9FA6C}"
EndProject
Project("{8BC9CEB8-8B4A-11D0-8D11-00A0C91BC942}") = "Net", "Net\Net.vcproj", "{B057A1FE-09F7-465E-B8B5-E1B659051D76}"
EndProject
Project("{8BC9CEB8-8B4A-11D0-8D11-00A0C91BC942}") = "AppDemo_Foundation", "AppDemo_Foundation\AppDemo_Foundation.vcproj", "{D5D5CC51-DC13-4EA8-87BE-B515A3C130B8}"
EndProject
Project("{8BC9CEB8-8B4A-11D0-8D11-00A0C91BC942}") = "AppTest_Foundation", "AppTest_Foundation\AppTest_Foundation.vcproj", "{F1EE93DF-347F-4CB3-B191-C4E63F38E972}"
EndProject
Project("{8BC9CEB8-8B4A-11D0-8D11-00A0C91BC942}") = "AppTest_JSON", "AppTest_JSON\AppTest_JSON.vcproj", "{96CF3103-E49E-3F5E-A11D-6DBCDA043053}"
EndProject
Project("{8BC9CEB8-8B4A-11D0-8D11-00A0C91BC942}") = "AppDemo_JSON", "AppDemo_JSON\AppDemo_JSON.vcproj", "{D0381ECF-E750-32DA-8EEF-92D56B172D15}"
EndProject
Project("{8BC9CEB8-8B4A-11D0-8D11-00A0C91BC942}") = "AppTest_XML", "AppTest_XML\AppTest_XML.vcproj", "{C9ACF028-17A1-44C2-8C09-DFD3BD9E7D45}"
EndProject
Project("{8BC9CEB8-8B4A-11D0-8D11-00A0C91BC942}") = "AppDemo_XML", "AppDemo_XML\AppDemo_XML.vcproj", "{2A54653D-9F55-348B-8F79-A3E454563AE3}"
EndProject
Project("{8BC9CEB8-8B4A-11D0-8D11-00A0C91BC942}") = "AppTest_Util", "AppTest_Util\AppTest_Util.vcproj", "{E40E738C-447B-40F4-A878-EBA9A2459270}"
EndProject
Project("{8BC9CEB8-8B4A-11D0-8D11-00A0C91BC942}") = "AppDemo_Util", "AppDemo_Util\AppDemo_Util.vcproj", "{A6800637-61D5-39A3-86AA-E180C73D3120}"
EndProject
Global
	GlobalSection(SolutionConfigurationPlatforms) = preSolution
		debug_shared|Win32 = debug_shared|Win32
		debug_static_md|Win32 = debug_static_md|Win32
		debug_static_mt|Win32 = debug_static_mt|Win32
		Debug|Win32 = Debug|Win32
		release_shared|Win32 = release_shared|Win32
		release_static_md|Win32 = release_static_md|Win32
		release_static_mt|Win32 = release_static_mt|Win32
		Release|Win32 = Release|Win32
	EndGlobalSection
	GlobalSection(ProjectConfigurationPlatforms) = postSolution
		{B01196CC-B693-4548-8464-2FF60499E73F}.debug_shared|Win32.ActiveCfg = debug_shared|Win32
		{B01196CC-B693-4548-8464-2FF60499E73F}.debug_shared|Win32.Build.0 = debug_shared|Win32
		{B01196CC-B693-4548-8464-2FF60499E73F}.debug_static_md|Win32.ActiveCfg = debug_static_md|Win32
		{B01196CC-B693-4548-8464-2FF60499E73F}.debug_static_md|Win32.Build.0 = debug_static_md|Win32
		{B01196CC-B693-4548-8464-2FF60499E73F}.debug_static_mt|Win32.ActiveCfg = debug_static_mt|Win32
		{B01196CC-B693-4548-8464-2FF60499E73F}.debug_static_mt|Win32.Build.0 = debug_static_mt|Win32
		{B01196CC-B693-4548-8464-2FF60499E73F}.Debug|Win32.ActiveCfg = debug_static_md|Win32
		{B01196CC-B693-4548-8464-2FF60499E73F}.Debug|Win32.Build.0 = debug_static_md|Win32
		{B01196CC-B693-4548-8464-2FF60499E73F}.release_shared|Win32.ActiveCfg = release_shared|Win32
		{B01196CC-B693-4548-8464-2FF60499E73F}.release_shared|Win32.Build.0 = release_shared|Win32
		{B01196CC-B693-4548-8464-2FF60499E73F}.release_static_md|Win32.ActiveCfg = release_static_md|Win32
		{B01196CC-B693-4548-8464-2FF60499E73F}.release_static_md|Win32.Build.0 = release_static_md|Win32
		{B01196CC-B693-4548-8464-2FF60499E73F}.release_static_mt|Win32.ActiveCfg = release_static_mt|Win32
		{B01196CC-B693-4548-8464-2FF60499E73F}.release_static_mt|Win32.Build.0 = release_static_mt|Win32
		{B01196CC-B693-4548-8464-2FF60499E73F}.Release|Win32.ActiveCfg = release_static_md|Win32
		{B01196CC-B693-4548-8464-2FF60499E73F}.Release|Win32.Build.0 = release_static_md|Win32
		{138BB448-808A-4FE5-A66D-78D1F8770F59}.debug_shared|Win32.ActiveCfg = debug_shared|Win32
		{138BB448-808A-4FE5-A66D-78D1F8770F59}.debug_shared|Win32.Build.0 = debug_shared|Win32
		{138BB448-808A-4FE5-A66D-78D1F8770F59}.debug_static_md|Win32.ActiveCfg = debug_static_md|Win32
		{138BB448-808A-4FE5-A66D-78D1F8770F59}.debug_static_md|Win32.Build.0 = debug_static_md|Win32
		{138BB448-808A-4FE5-A66D-78D1F8770F59}.debug_static_mt|Win32.ActiveCfg = debug_static_mt|Win32
		{138BB448-808A-4FE5-A66D-78D1F8770F59}.debug_static_mt|Win32.Build.0 = debug_static_mt|Win32
		{138BB448-808A-4FE5-A66D-78D1F8770F59}.Debug|Win32.ActiveCfg = debug_static_mt|Win32
		{138BB448-808A-4FE5-A66D-78D1F8770F59}.Debug|Win32.Build.0 = debug_static_mt|Win32
		{138BB448-808A-4FE5-A66D-78D1F8770F59}.release_shared|Win32.ActiveCfg = release_shared|Win32
		{138BB448-808A-4FE5-A66D-78D1F8770F59}.release_shared|Win32.Build.0 = release_shared|Win32
		{138BB448-808A-4FE5-A66D-78D1F8770F59}.release_static_md|Win32.ActiveCfg = release_static_md|Win32
		{138BB448-808A-4FE5-A66D-78D1F8770F59}.release_static_md|Win32.Build.0 = release_static_md|Win32
		{138BB448-808A-4FE5-A66D-78D1F8770F59}.release_static_mt|Win32.ActiveCfg = release_static_mt|Win32
		{138BB448-808A-4FE5-A66D-78D1F8770F59}.release_static_mt|Win32.Build.0 = release_static_mt|Win32
		{138BB448-808A-4FE5-A66D-78D1F8770F59}.Release|Win32.ActiveCfg = release_static_mt|Win32
		{138BB448-808A-4FE5-A66D-78D1F8770F59}.Release|Win32.Build.0 = release_static_mt|Win32
		{BA620CC4-0E7D-4B9D-88E2-6DBE5C51FCBD}.debug_shared|Win32.ActiveCfg = debug_shared|Win32
		{BA620CC4-0E7D-4B9D-88E2-6DBE5C51FCBD}.debug_shared|Win32.Build.0 = debug_shared|Win32
		{BA620CC4-0E7D-4B9D-88E2-6DBE5C51FCBD}.debug_static_md|Win32.ActiveCfg = debug_static_md|Win32
		{BA620CC4-0E7D-4B9D-88E2-6DBE5C51FCBD}.debug_static_md|Win32.Build.0 = debug_static_md|Win32
		{BA620CC4-0E7D-4B9D-88E2-6DBE5C51FCBD}.debug_static_mt|Win32.ActiveCfg = debug_static_mt|Win32
		{BA620CC4-0E7D-4B9D-88E2-6DBE5C51FCBD}.debug_static_mt|Win32.Build.0 = debug_static_mt|Win32
		{BA620CC4-0E7D-4B9D-88E2-6DBE5C51FCBD}.Debug|Win32.ActiveCfg = debug_static_mt|Win32
		{BA620CC4-0E7D-4B9D-88E2-6DBE5C51FCBD}.Debug|Win32.Build.0 = debug_static_mt|Win32
		{BA620CC4-0E7D-4B9D-88E2-6DBE5C51FCBD}.release_shared|Win32.ActiveCfg = release_shared|Win32
		{BA620CC4-0E7D-4B9D-88E2-6DBE5C51FCBD}.release_shared|Win32.Build.0 = release_shared|Win32
		{BA620CC4-0E7D-4B9D-88E2-6DBE5C51FCBD}.release_static_md|Win32.ActiveCfg = release_static_md|Win32
		{BA620CC4-0E7D-4B9D-88E2-6DBE5C51FCBD}.release_static_md|Win32.Build.0 = release_static_md|Win32
		{BA620CC4-0E7D-4B9D-88E2-6DBE5C51FCBD}.release_static_mt|Win32.ActiveCfg = release_static_mt|Win32
		{BA620CC4-0E7D-4B9D-88E2-6DBE5C51FCBD}.release_static_mt|Win32.Build.0 = release_static_mt|Win32
		{BA620CC4-0E7D-4B9D-88E2-6DBE5C51FCBD}.Release|Win32.ActiveCfg = release_static_mt|Win32
		{BA620CC4-0E7D-4B9D-88E2-6DBE5C51FCBD}.Release|Win32.Build.0 = release_static_mt|Win32
		{0E7FE914-0690-3EB4-9119-93A97CC97741}.debug_shared|Win32.ActiveCfg = debug_shared|Win32
		{0E7FE914-0690-3EB4-9119-93A97CC97741}.debug_shared|Win32.Build.0 = debug_shared|Win32
		{0E7FE914-0690-3EB4-9119-93A97CC97741}.debug_static_md|Win32.ActiveCfg = debug_static_md|Win32
		{0E7FE914-0690-3EB4-9119-93A97CC97741}.debug_static_md|Win32.Build.0 = debug_static_md|Win32
		{0E7FE914-0690-3EB4-9119-93A97CC97741}.debug_static_mt|Win32.ActiveCfg = debug_static_mt|Win32
		{0E7FE914-0690-3EB4-9119-93A97CC97741}.debug_static_mt|Win32.Build.0 = debug_static_mt|Win32
		{0E7FE914-0690-3EB4-9119-93A97CC97741}.Debug|Win32.ActiveCfg = debug_static_md|Win32
		{0E7FE914-0690-3EB4-9119-93A97CC97741}.Debug|Win32.Build.0 = debug_static_md|Win32
		{0E7FE914-0690-3EB4-9119-93A97CC97741}.release_shared|Win32.ActiveCfg = release_shared|Win32
		{0E7FE914-0690-3EB4-9119-93A97CC97741}.release_shared|Win32.Build.0 = release_shared|Win32
		{0E7FE914-0690-3EB4-9119-93A97CC97741}.release_static_md|Win32.ActiveCfg = release_static_md|Win32
		{0E7FE914-0690-3EB4-9119-93A97CC97741}.release_static_md|Win32.Build.0 = release_static_md|Win32
		{0E7FE914-0690-3EB4-9119-93A97CC97741}.release_static_mt|Win32.ActiveCfg = release_static_mt|Win32
		{0E7FE914-0690-3EB4-9119-93A97CC97741}.release_static_mt|Win32.Build.0 = release_static_mt|Win32
		{0E7FE914-0690-3EB4-9119-93A97CC97741}.Release|Win32.ActiveCfg = release_static_md|Win32
		{0E7FE914-0690-3EB4-9119-93A97CC97741}.Release|Win32.Build.0 = release_static_md|Win32
		{9E211743-85FE-4977-82F3-4F04B40C912D}.debug_shared|Win32.ActiveCfg = debug_shared|Win32
		{9E211743-85FE-4977-82F3-4F04B40C912D}.debug_shared|Win32.Build.0 = debug_shared|Win32
		{9E211743-85FE-4977-82F3-4F04B40C912D}.debug_static_md|Win32.ActiveCfg = debug_static_md|Win32
		{9E211743-85FE-4977-82F3-4F04B40C912D}.debug_static_md|Win32.Build.0 = debug_static_md|Win32
		{9E211743-85FE-4977-82F3-4F04B40C912D}.debug_static_mt|Win32.ActiveCfg = debug_static_mt|Win32
		{9E211743-85FE-4977-82F3-4F04B40C912D}.debug_static_mt|Win32.Build.0 = debug_static_mt|Win32
		{9E211743-85FE-4977-82F3-4F04B40C912D}.Debug|Win32.ActiveCfg = debug_static_md|Win32
		{9E211743-85FE-4977-82F3-4F04B40C912D}.Debug|Win32.Build.0 = debug_static_md|Win32
		{9E211743-85FE-4977-82F3-4F04B40C912D}.release_shared|Win32.ActiveCfg = release_shared|Win32
		{9E211743-85FE-4977-82F3-4F04B40C912D}.release_shared|Win32.Build.0 = release_shared|Win32
		{9E211743-85FE-4977-82F3-4F04B40C912D}.release_static_md|Win32.ActiveCfg = release_static_md|Win32
		{9E211743-85FE-4977-82F3-4F04B40C912D}.release_static_md|Win32.Build.0 = release_static_md|Win32
		{9E211743-85FE-4977-82F3-4F04B40C912D}.release_static_mt|Win32.ActiveCfg = release_static_mt|Win32
		{9E211743-85FE-4977-82F3-4F04B40C912D}.release_static_mt|Win32.Build.0 = release_static_mt|Win32
		{9E211743-85FE-4977-82F3-4F04B40C912D}.Release|Win32.ActiveCfg = release_static_md|Win32
		{9E211743-85FE-4977-82F3-4F04B40C912D}.Release|Win32.Build.0 = release_static_md|Win32
		{6FF56CDB-787A-4714-A28C-919003F9FA6C}.debug_shared|Win32.ActiveCfg = debug_shared|Win32
		{6FF56CDB-787A-4714-A28C-919003F9FA6C}.debug_shared|Win32.Build.0 = debug_shared|Win32
		{6FF56CDB-787A-4714-A28C-919003F9FA6C}.debug_static_md|Win32.ActiveCfg = debug_static_md|Win32
		{6FF56CDB-787A-4714-A28C-919003F9FA6C}.debug_static_md|Win32.Build.0 = debug_static_md|Win32
		{6FF56CDB-787A-4714-A28C-919003F9FA6C}.debug_static_mt|Win32.ActiveCfg = debug_static_mt|Win32
		{6FF56CDB-787A-4714-A28C-919003F9FA6C}.debug_static_mt|Win32.Build.0 = debug_static_mt|Win32
		{6FF56CDB-787A-4714-A28C-919003F9FA6C}.Debug|Win32.ActiveCfg = debug_static_md|Win32
		{6FF56CDB-787A-4714-A28C-919003F9FA6C}.Debug|Win32.Build.0 = debug_static_md|Win32
		{6FF56CDB-787A-4714-A28C-919003F9FA6C}.release_shared|Win32.ActiveCfg = release_shared|Win32
		{6FF56CDB-787A-4714-A28C-919003F9FA6C}.release_shared|Win32.Build.0 = release_shared|Win32
		{6FF56CDB-787A-4714-A28C-919003F9FA6C}.release_static_md|Win32.ActiveCfg = release_static_md|Win32
		{6FF56CDB-787A-4714-A28C-919003F9FA6C}.release_static_md|Win32.Build.0 = release_static_md|Win32
		{6FF56CDB-787A-4714-A28C-919003F9FA6C}.release_static_mt|Win32.ActiveCfg = release_static_mt|Win32
		{6FF56CDB-787A-4714-A28C-919003F9FA6C}.release_static_mt|Win32.Build.0 = release_static_mt|Win32
		{6FF56CDB-787A-4714-A28C-919003F9FA6C}.Release|Win32.ActiveCfg = release_static_md|Win32
		{6FF56CDB-787A-4714-A28C-919003F9FA6C}.Release|Win32.Build.0 = release_static_md|Win32
		{B057A1FE-09F7-465E-B8B5-E1B659051D76}.debug_shared|Win32.ActiveCfg = debug_shared|Win32
		{B057A1FE-09F7-465E-B8B5-E1B659051D76}.debug_shared|Win32.Build.0 = debug_shared|Win32
		{B057A1FE-09F7-465E-B8B5-E1B659051D76}.debug_static_md|Win32.ActiveCfg = debug_static_md|Win32
		{B057A1FE-09F7-465E-B8B5-E1B659051D76}.debug_static_md|Win32.Build.0 = debug_static_md|Win32
		{B057A1FE-09F7-465E-B8B5-E1B659051D76}.debug_static_mt|Win32.ActiveCfg = debug_static_mt|Win32
		{B057A1FE-09F7-465E-B8B5-E1B659051D76}.debug_static_mt|Win32.Build.0 = debug_static_mt|Win32
		{B057A1FE-09F7-465E-B8B5-E1B659051D76}.Debug|Win32.ActiveCfg = debug_static_md|Win32
		{B057A1FE-09F7-465E-B8B5-E1B659051D76}.Debug|Win32.Build.0 = debug_static_md|Win32
		{B057A1FE-09F7-465E-B8B5-E1B659051D76}.release_shared|Win32.ActiveCfg = release_shared|Win32
		{B057A1FE-09F7-465E-B8B5-E1B659051D76}.release_shared|Win32.Build.0 = release_shared|Win32
		{B057A1FE-09F7-465E-B8B5-E1B659051D76}.release_static_md|Win32.ActiveCfg = release_static_md|Win32
		{B057A1FE-09F7-465E-B8B5-E1B659051D76}.release_static_md|Win32.Build.0 = release_static_md|Win32
		{B057A1FE-09F7-465E-B8B5-E1B659051D76}.release_static_mt|Win32.ActiveCfg = release_static_mt|Win32
		{B057A1FE-09F7-465E-B8B5-E1B659051D76}.release_static_mt|Win32.Build.0 = release_static_mt|Win32
		{B057A1FE-09F7-465E-B8B5-E1B659051D76}.Release|Win32.ActiveCfg = release_static_md|Win32
		{B057A1FE-09F7-465E-B8B5-E1B659051D76}.Release|Win32.Build.0 = release_static_md|Win32
		{D5D5CC51-DC13-4EA8-87BE-B515A3C130B8}.debug_shared|Win32.ActiveCfg = Debug|Win32
		{D5D5CC51-DC13-4EA8-87BE-B515A3C130B8}.debug_shared|Win32.Build.0 = Debug|Win32
		{D5D5CC51-DC13-4EA8-87BE-B515A3C130B8}.debug_static_md|Win32.ActiveCfg = Debug|Win32
		{D5D5CC51-DC13-4EA8-87BE-B515A3C130B8}.debug_static_md|Win32.Build.0 = Debug|Win32
		{D5D5CC51-DC13-4EA8-87BE-B515A3C130B8}.debug_static_mt|Win32.ActiveCfg = Debug|Win32
		{D5D5CC51-DC13-4EA8-87BE-B515A3C130B8}.debug_static_mt|Win32.Build.0 = Debug|Win32
		{D5D5CC51-DC13-4EA8-87BE-B515A3C130B8}.Debug|Win32.ActiveCfg = Debug|Win32
		{D5D5CC51-DC13-4EA8-87BE-B515A3C130B8}.Debug|Win32.Build.0 = Debug|Win32
		{D5D5CC51-DC13-4EA8-87BE-B515A3C130B8}.release_shared|Win32.ActiveCfg = Release|Win32
		{D5D5CC51-DC13-4EA8-87BE-B515A3C130B8}.release_shared|Win32.Build.0 = Release|Win32
		{D5D5CC51-DC13-4EA8-87BE-B515A3C130B8}.release_static_md|Win32.ActiveCfg = Release|Win32
		{D5D5CC51-DC13-4EA8-87BE-B515A3C130B8}.release_static_md|Win32.Build.0 = Release|Win32
		{D5D5CC51-DC13-4EA8-87BE-B515A3C130B8}.release_static_mt|Win32.ActiveCfg = Release|Win32
		{D5D5CC51-DC13-4EA8-87BE-B515A3C130B8}.release_static_mt|Win32.Build.0 = Release|Win32
		{D5D5CC51-DC13-4EA8-87BE-B515A3C130B8}.Release|Win32.ActiveCfg = Release|Win32
		{D5D5CC51-DC13-4EA8-87BE-B515A3C130B8}.Release|Win32.Build.0 = Release|Win32
		{F1EE93DF-347F-4CB3-B191-C4E63F38E972}.debug_shared|Win32.ActiveCfg = debug_shared|Win32
		{F1EE93DF-347F-4CB3-B191-C4E63F38E972}.debug_shared|Win32.Build.0 = debug_shared|Win32
		{F1EE93DF-347F-4CB3-B191-C4E63F38E972}.debug_static_md|Win32.ActiveCfg = debug_static_md|Win32
		{F1EE93DF-347F-4CB3-B191-C4E63F38E972}.debug_static_md|Win32.Build.0 = debug_static_md|Win32
		{F1EE93DF-347F-4CB3-B191-C4E63F38E972}.debug_static_mt|Win32.ActiveCfg = debug_static_mt|Win32
		{F1EE93DF-347F-4CB3-B191-C4E63F38E972}.debug_static_mt|Win32.Build.0 = debug_static_mt|Win32
		{F1EE93DF-347F-4CB3-B191-C4E63F38E972}.Debug|Win32.ActiveCfg = debug_static_mt|Win32
		{F1EE93DF-347F-4CB3-B191-C4E63F38E972}.Debug|Win32.Build.0 = debug_static_mt|Win32
		{F1EE93DF-347F-4CB3-B191-C4E63F38E972}.release_shared|Win32.ActiveCfg = release_shared|Win32
		{F1EE93DF-347F-4CB3-B191-C4E63F38E972}.release_shared|Win32.Build.0 = release_shared|Win32
		{F1EE93DF-347F-4CB3-B191-C4E63F38E972}.release_static_md|Win32.ActiveCfg = release_static_md|Win32
		{F1EE93DF-347F-4CB3-B191-C4E63F38E972}.release_static_md|Win32.Build.0 = release_static_md|Win32
		{F1EE93DF-347F-4CB3-B191-C4E63F38E972}.release_static_mt|Win32.ActiveCfg = release_static_mt|Win32
		{F1EE93DF-347F-4CB3-B191-C4E63F38E972}.release_static_mt|Win32.Build.0 = release_static_mt|Win32
		{F1EE93DF-347F-4CB3-B191-C4E63F38E972}.Release|Win32.ActiveCfg = release_static_mt|Win32
		{F1EE93DF-347F-4CB3-B191-C4E63F38E972}.Release|Win32.Build.0 = release_static_mt|Win32
		{96CF3103-E49E-3F5E-A11D-6DBCDA043053}.debug_shared|Win32.ActiveCfg = debug_shared|Win32
		{96CF3103-E49E-3F5E-A11D-6DBCDA043053}.debug_shared|Win32.Build.0 = debug_shared|Win32
		{96CF3103-E49E-3F5E-A11D-6DBCDA043053}.debug_static_md|Win32.ActiveCfg = debug_static_md|Win32
		{96CF3103-E49E-3F5E-A11D-6DBCDA043053}.debug_static_md|Win32.Build.0 = debug_static_md|Win32
		{96CF3103-E49E-3F5E-A11D-6DBCDA043053}.debug_static_mt|Win32.ActiveCfg = debug_static_mt|Win32
		{96CF3103-E49E-3F5E-A11D-6DBCDA043053}.debug_static_mt|Win32.Build.0 = debug_static_mt|Win32
		{96CF3103-E49E-3F5E-A11D-6DBCDA043053}.Debug|Win32.ActiveCfg = debug_static_md|Win32
		{96CF3103-E49E-3F5E-A11D-6DBCDA043053}.Debug|Win32.Build.0 = debug_static_md|Win32
		{96CF3103-E49E-3F5E-A11D-6DBCDA043053}.release_shared|Win32.ActiveCfg = release_shared|Win32
		{96CF3103-E49E-3F5E-A11D-6DBCDA043053}.release_shared|Win32.Build.0 = release_shared|Win32
		{96CF3103-E49E-3F5E-A11D-6DBCDA043053}.release_static_md|Win32.ActiveCfg = release_static_md|Win32
		{96CF3103-E49E-3F5E-A11D-6DBCDA043053}.release_static_md|Win32.Build.0 = release_static_md|Win32
		{96CF3103-E49E-3F5E-A11D-6DBCDA043053}.release_static_mt|Win32.ActiveCfg = release_static_mt|Win32
		{96CF3103-E49E-3F5E-A11D-6DBCDA043053}.release_static_mt|Win32.Build.0 = release_static_mt|Win32
		{96CF3103-E49E-3F5E-A11D-6DBCDA043053}.Release|Win32.ActiveCfg = release_static_md|Win32
		{96CF3103-E49E-3F5E-A11D-6DBCDA043053}.Release|Win32.Build.0 = release_static_md|Win32
		{D0381ECF-E750-32DA-8EEF-92D56B172D15}.debug_shared|Win32.ActiveCfg = debug_shared|Win32
		{D0381ECF-E750-32DA-8EEF-92D56B172D15}.debug_shared|Win32.Build.0 = debug_shared|Win32
		{D0381ECF-E750-32DA-8EEF-92D56B172D15}.debug_static_md|Win32.ActiveCfg = debug_static_md|Win32
		{D0381ECF-E750-32DA-8EEF-92D56B172D15}.debug_static_md|Win32.Build.0 = debug_static_md|Win32
		{D0381ECF-E750-32DA-8EEF-92D56B172D15}.debug_static_mt|Win32.ActiveCfg = debug_static_mt|Win32
		{D0381ECF-E750-32DA-8EEF-92D56B172D15}.debug_static_mt|Win32.Build.0 = debug_static_mt|Win32
		{D0381ECF-E750-32DA-8EEF-92D56B172D15}.Debug|Win32.ActiveCfg = debug_static_md|Win32
		{D0381ECF-E750-32DA-8EEF-92D56B172D15}.Debug|Win32.Build.0 = debug_static_md|Win32
		{D0381ECF-E750-32DA-8EEF-92D56B172D15}.release_shared|Win32.ActiveCfg = release_shared|Win32
		{D0381ECF-E750-32DA-8EEF-92D56B172D15}.release_shared|Win32.Build.0 = release_shared|Win32
		{D0381ECF-E750-32DA-8EEF-92D56B172D15}.release_static_md|Win32.ActiveCfg = release_static_md|Win32
		{D0381ECF-E750-32DA-8EEF-92D56B172D15}.release_static_md|Win32.Build.0 = release_static_md|Win32
		{D0381ECF-E750-32DA-8EEF-92D56B172D15}.release_static_mt|Win32.ActiveCfg = release_static_mt|Win32
		{D0381ECF-E750-32DA-8EEF-92D56B172D15}.release_static_mt|Win32.Build.0 = release_static_mt|Win32
		{D0381ECF-E750-32DA-8EEF-92D56B172D15}.Release|Win32.ActiveCfg = release_static_md|Win32
		{D0381ECF-E750-32DA-8EEF-92D56B172D15}.Release|Win32.Build.0 = release_static_md|Win32
		{C9ACF028-17A1-44C2-8C09-DFD3BD9E7D45}.debug_shared|Win32.ActiveCfg = debug_shared|Win32
		{C9ACF028-17A1-44C2-8C09-DFD3BD9E7D45}.debug_shared|Win32.Build.0 = debug_shared|Win32
		{C9ACF028-17A1-44C2-8C09-DFD3BD9E7D45}.debug_static_md|Win32.ActiveCfg = debug_static_md|Win32
		{C9ACF028-17A1-44C2-8C09-DFD3BD9E7D45}.debug_static_md|Win32.Build.0 = debug_static_md|Win32
		{C9ACF028-17A1-44C2-8C09-DFD3BD9E7D45}.debug_static_mt|Win32.ActiveCfg = debug_static_mt|Win32
		{C9ACF028-17A1-44C2-8C09-DFD3BD9E7D45}.debug_static_mt|Win32.Build.0 = debug_static_mt|Win32
		{C9ACF028-17A1-44C2-8C09-DFD3BD9E7D45}.Debug|Win32.ActiveCfg = debug_static_md|Win32
		{C9ACF028-17A1-44C2-8C09-DFD3BD9E7D45}.Debug|Win32.Build.0 = debug_static_md|Win32
		{C9ACF028-17A1-44C2-8C09-DFD3BD9E7D45}.release_shared|Win32.ActiveCfg = release_shared|Win32
		{C9ACF028-17A1-44C2-8C09-DFD3BD9E7D45}.release_shared|Win32.Build.0 = release_shared|Win32
		{C9ACF028-17A1-44C2-8C09-DFD3BD9E7D45}.release_static_md|Win32.ActiveCfg = release_static_md|Win32
		{C9ACF028-17A1-44C2-8C09-DFD3BD9E7D45}.release_static_md|Win32.Build.0 = release_static_md|Win32
		{C9ACF028-17A1-44C2-8C09-DFD3BD9E7D45}.release_static_mt|Win32.ActiveCfg = release_static_mt|Win32
		{C9ACF028-17A1-44C2-8C09-DFD3BD9E7D45}.release_static_mt|Win32.Build.0 = release_static_mt|Win32
		{C9ACF028-17A1-44C2-8C09-DFD3BD9E7D45}.Release|Win32.ActiveCfg = release_static_md|Win32
		{C9ACF028-17A1-44C2-8C09-DFD3BD9E7D45}.Release|Win32.Build.0 = release_static_md|Win32
		{2A54653D-9F55-348B-8F79-A3E454563AE3}.debug_shared|Win32.ActiveCfg = debug_shared|Win32
		{2A54653D-9F55-348B-8F79-A3E454563AE3}.debug_shared|Win32.Build.0 = debug_shared|Win32
		{2A54653D-9F55-348B-8F79-A3E454563AE3}.debug_static_md|Win32.ActiveCfg = debug_static_md|Win32
		{2A54653D-9F55-348B-8F79-A3E454563AE3}.debug_static_md|Win32.Build.0 = debug_static_md|Win32
		{2A54653D-9F55-348B-8F79-A3E454563AE3}.debug_static_mt|Win32.ActiveCfg = debug_static_mt|Win32
		{2A54653D-9F55-348B-8F79-A3E454563AE3}.debug_static_mt|Win32.Build.0 = debug_static_mt|Win32
		{2A54653D-9F55-348B-8F79-A3E454563AE3}.Debug|Win32.ActiveCfg = debug_static_md|Win32
		{2A54653D-9F55-348B-8F79-A3E454563AE3}.Debug|Win32.Build.0 = debug_static_md|Win32
		{2A54653D-9F55-348B-8F79-A3E454563AE3}.release_shared|Win32.ActiveCfg = release_shared|Win32
		{2A54653D-9F55-348B-8F79-A3E454563AE3}.release_shared|Win32.Build.0 = release_shared|Win32
		{2A54653D-9F55-348B-8F79-A3E454563AE3}.release_static_md|Win32.ActiveCfg = release_static_md|Win32
		{2A54653D-9F55-348B-8F79-A3E454563AE3}.release_static_md|Win32.Build.0 = release_static_md|Win32
		{2A54653D-9F55-348B-8F79-A3E454563AE3}.release_static_mt|Win32.ActiveCfg = release_static_mt|Win32
		{2A54653D-9F55-348B-8F79-A3E454563AE3}.release_static_mt|Win32.Build.0 = release_static_mt|Win32
		{2A54653D-9F55-348B-8F79-A3E454563AE3}.Release|Win32.ActiveCfg = release_static_md|Win32
		{2A54653D-9F55-348B-8F79-A3E454563AE3}.Release|Win32.Build.0 = release_static_md|Win32
		{E40E738C-447B-40F4-A878-EBA9A2459270}.debug_shared|Win32.ActiveCfg = debug_shared|Win32
		{E40E738C-447B-40F4-A878-EBA9A2459270}.debug_shared|Win32.Build.0 = debug_shared|Win32
		{E40E738C-447B-40F4-A878-EBA9A2459270}.debug_static_md|Win32.ActiveCfg = debug_static_md|Win32
		{E40E738C-447B-40F4-A878-EBA9A2459270}.debug_static_md|Win32.Build.0 = debug_static_md|Win32
		{E40E738C-447B-40F4-A878-EBA9A2459270}.debug_static_mt|Win32.ActiveCfg = debug_static_mt|Win32
		{E40E738C-447B-40F4-A878-EBA9A2459270}.debug_static_mt|Win32.Build.0 = debug_static_mt|Win32
		{E40E738C-447B-40F4-A878-EBA9A2459270}.Debug|Win32.ActiveCfg = debug_static_md|Win32
		{E40E738C-447B-40F4-A878-EBA9A2459270}.Debug|Win32.Build.0 = debug_static_md|Win32
		{E40E738C-447B-40F4-A878-EBA9A2459270}.release_shared|Win32.ActiveCfg = release_shared|Win32
		{E40E738C-447B-40F4-A878-EBA9A2459270}.release_shared|Win32.Build.0 = release_shared|Win32
		{E40E738C-447B-40F4-A878-EBA9A2459270}.release_static_md|Win32.ActiveCfg = release_static_md|Win32
		{E40E738C-447B-40F4-A878-EBA9A2459270}.release_static_md|Win32.Build.0 = release_static_md|Win32
		{E40E738C-447B-40F4-A878-EBA9A2459270}.release_static_mt|Win32.ActiveCfg = release_static_mt|Win32
		{E40E738C-447B-40F4-A878-EBA9A2459270}.release_static_mt|Win32.Build.0 = release_static_mt|Win32
		{E40E738C-447B-40F4-A878-EBA9A2459270}.Release|Win32.ActiveCfg = release_static_md|Win32
		{E40E738C-447B-40F4-A878-EBA9A2459270}.Release|Win32.Build.0 = release_static_md|Win32
		{A6800637-61D5-39A3-86AA-E180C73D3120}.debug_shared|Win32.ActiveCfg = debug_shared|Win32
		{A6800637-61D5-39A3-86AA-E180C73D3120}.debug_shared|Win32.Build.0 = debug_shared|Win32
		{A6800637-61D5-39A3-86AA-E180C73D3120}.debug_static_md|Win32.ActiveCfg = debug_static_md|Win32
		{A6800637-61D5-39A3-86AA-E180C73D3120}.debug_static_md|Win32.Build.0 = debug_static_md|Win32
		{A6800637-61D5-39A3-86AA-E180C73D3120}.debug_static_mt|Win32.ActiveCfg = debug_static_mt|Win32
		{A6800637-61D5-39A3-86AA-E180C73D3120}.debug_static_mt|Win32.Build.0 = debug_static_mt|Win32
		{A6800637-61D5-39A3-86AA-E180C73D3120}.Debug|Win32.ActiveCfg = debug_static_md|Win32
		{A6800637-61D5-39A3-86AA-E180C73D3120}.Debug|Win32.Build.0 = debug_static_md|Win32
		{A6800637-61D5-39A3-86AA-E180C73D3120}.release_shared|Win32.ActiveCfg = release_shared|Win32
		{A6800637-61D5-39A3-86AA-E180C73D3120}.release_shared|Win32.Build.0 = release_shared|Win32
		{A6800637-61D5-39A3-86AA-E180C73D3120}.release_static_md|Win32.ActiveCfg = release_static_md|Win32
		{A6800637-61D5-39A3-86AA-E180C73D3120}.release_static_md|Win32.Build.0 = release_static_md|Win32
		{A6800637-61D5-39A3-86AA-E180C73D3120}.release_static_mt|Win32.ActiveCfg = release_static_mt|Win32
		{A6800637-61D5-39A3-86AA-E180C73D3120}.release_static_mt|Win32.Build.0 = release_static_mt|Win32
		{A6800637-61D5-39A3-86AA-E180C73D3120}.Release|Win32.ActiveCfg = release_static_md|Win32
		{A6800637-61D5-39A3-86AA-E180C73D3120}.Release|Win32.Build.0 = release_static_md|Win32
	EndGlobalSection
	GlobalSection(SolutionProperties) = preSolution
		HideSolutionNode = FALSE
	EndGlobalSection
EndGlobal
