
Microsoft Visual Studio Solution File, Format Version 10.00
# Visual Studio 2008
Project("{8BC9CEB8-8B4A-11D0-8D11-00A0C91BC942}") = "RTKLIB_App", "RTKLIB_App\RTKLIB_App.vcproj", "{53C2EBC0-2E37-4D04-B79B-9BD46AF18DCE}"
EndProject
Global
	GlobalSection(SolutionConfigurationPlatforms) = preSolution
		Debug|Win32 = Debug|Win32
		Release|Win32 = Release|Win32
	EndGlobalSection
	GlobalSection(ProjectConfigurationPlatforms) = postSolution
		{53C2EBC0-2E37-4D04-B79B-9BD46AF18DCE}.Debug|Win32.ActiveCfg = Debug|Win32
		{53C2EBC0-2E37-4D04-B79B-9BD46AF18DCE}.Debug|Win32.Build.0 = Debug|Win32
		{53C2EBC0-2E37-4D04-B79B-9BD46AF18DCE}.Release|Win32.ActiveCfg = Release|Win32
		{53C2EBC0-2E37-4D04-B79B-9BD46AF18DCE}.Release|Win32.Build.0 = Release|Win32
	EndGlobalSection
	GlobalSection(SolutionProperties) = preSolution
		HideSolutionNode = FALSE
	EndGlobalSection
EndGlobal
