
Microsoft Visual Studio Solution File, Format Version 10.00
# Visual Studio 2008
Project("{8BC9CEB8-8B4A-11D0-8D11-00A0C91BC942}") = "02Qualities_CallbackInstance", "02Qualities_CallbackInstance\02Qualities_CallbackInstance.vcproj", "{B23C9C58-BF24-4A89-AE08-C97575F23962}"
EndProject
Project("{8BC9CEB8-8B4A-11D0-8D11-00A0C91BC942}") = "02Qualities_CallbackStatic", "02Qualities_CallbackStatic\02Qualities_CallbackStatic.vcproj", "{7DA7026F-BF10-462D-A1E5-DC7B094DB666}"
EndProject
Project("{8BC9CEB8-8B4A-11D0-8D11-00A0C91BC942}") = "02Qualities_HideClass", "02Qualities_HideClass\02Qualities_HideClass.vcproj", "{D529AE97-7C8C-4C2E-9E04-906FE39CE8BA}"
EndProject
Project("{8BC9CEB8-8B4A-11D0-8D11-00A0C91BC942}") = "02Qualities_SharedPointer", "02Qualities_SharedPointer\02Qualities_SharedPointer.vcproj", "{68C90C1B-C3CD-46B5-A385-F33373E8D47F}"
EndProject
Project("{8BC9CEB8-8B4A-11D0-8D11-00A0C91BC942}") = "02Qualities_Coord2dTemplate", "02Qualities_Coord2dTemplate\02Qualities_Coord2dTemplate.vcproj", "{D4A94E6A-7CF6-4F4F-A73C-8D9251540F07}"
EndProject
Project("{8BC9CEB8-8B4A-11D0-8D11-00A0C91BC942}") = "03Patterns_Adapter", "03Patterns_Adapter\03Patterns_Adapter.vcproj", "{596E3EAC-E3F9-4D93-8824-CC3DE962DD64}"
EndProject
Project("{8BC9CEB8-8B4A-11D0-8D11-00A0C91BC942}") = "03Patterns_Singleton", "03Patterns_Singleton\03Patterns_Singleton.vcproj", "{F19BF9B6-0784-452D-B61C-22FE70DA8E49}"
EndProject
Project("{8BC9CEB8-8B4A-11D0-8D11-00A0C91BC942}") = "03Patterns_ProxyInterface", "03Patterns_ProxyInterface\03Patterns_ProxyInterface.vcproj", "{B7ACE146-06E2-4415-8B77-9C8FBF850696}"
EndProject
Project("{8BC9CEB8-8B4A-11D0-8D11-00A0C91BC942}") = "03Patterns_Observer", "03Patterns_Observer\03Patterns_Observer.vcproj", "{E559A2B2-6B91-4CF4-96FB-4255030B56D1}"
EndProject
Project("{8BC9CEB8-8B4A-11D0-8D11-00A0C91BC942}") = "03Patterns_Facade", "03Patterns_Facade\03Patterns_Facade.vcproj", "{A26CA468-9371-4398-AFBD-AAA352EDA874}"
EndProject
Project("{8BC9CEB8-8B4A-11D0-8D11-00A0C91BC942}") = "03Patterns_FactoryExtensible", "03Patterns_FactoryExtensible\03Patterns_FactoryExtensible.vcproj", "{E671D082-6AB1-40DB-93FC-CA0A5F694143}"
EndProject
Project("{8BC9CEB8-8B4A-11D0-8D11-00A0C91BC942}") = "03Patterns_FactorySimple", "03Patterns_FactorySimple\03Patterns_FactorySimple.vcproj", "{CC72A0EA-379B-4AE6-ADF2-C85DD1A27A55}"
EndProject
Project("{8BC9CEB8-8B4A-11D0-8D11-00A0C91BC942}") = "03Patterns_OpaquePointer", "03Patterns_OpaquePointer\03Patterns_OpaquePointer.vcproj", "{6A96A0C6-464B-4C04-8220-0D5DC8B77406}"
EndProject
Project("{8BC9CEB8-8B4A-11D0-8D11-00A0C91BC942}") = "03Patterns_PimplBad", "03Patterns_PimplBad\03Patterns_PimplBad.vcproj", "{9F3CA974-5A2E-4734-AD9B-A129A9767C8F}"
EndProject
Project("{8BC9CEB8-8B4A-11D0-8D11-00A0C91BC942}") = "03Patterns_PimplBoost", "03Patterns_PimplBoost\03Patterns_PimplBoost.vcproj", "{1AC5A8F4-8C03-4012-B68A-CC5916A7502C}"
EndProject
Project("{8BC9CEB8-8B4A-11D0-8D11-00A0C91BC942}") = "03Patterns_PimplGood", "03Patterns_PimplGood\03Patterns_PimplGood.vcproj", "{27E18A9D-A36B-43DE-AF3F-A2FDB9CECB5E}"
EndProject
Project("{8BC9CEB8-8B4A-11D0-8D11-00A0C91BC942}") = "03Patterns_ProxySimple", "03Patterns_ProxySimple\03Patterns_ProxySimple.vcproj", "{5647EAF9-0B4F-4284-885C-006990BFB8B2}"
EndProject
Project("{2150E333-8FDC-42A3-9474-1A3956D46DE8}") = "02_Qualities", "02_Qualities", "{BC62D923-B692-4FDE-A205-52EB09A3BD77}"
EndProject
Project("{2150E333-8FDC-42A3-9474-1A3956D46DE8}") = "03_Patterns", "03_Patterns", "{0CC45947-2139-41BA-8A33-D918B597CC29}"
EndProject
Project("{2150E333-8FDC-42A3-9474-1A3956D46DE8}") = "04_Design", "04_Design", "{D10A0DB9-8B1F-4EBC-8024-E43315DA68A4}"
EndProject
Project("{8BC9CEB8-8B4A-11D0-8D11-00A0C91BC942}") = "04Design_NamedParameters", "04Design_NamedParameters\04Design_NamedParameters.vcproj", "{A58EA606-1274-44B5-B9BC-DADC18869CFE}"
EndProject
Project("{2150E333-8FDC-42A3-9474-1A3956D46DE8}") = "05_Styles", "05_Styles", "{89B1810F-EB4F-4BBA-8E9D-7FF0DF8B3EBE}"
EndProject
Project("{8BC9CEB8-8B4A-11D0-8D11-00A0C91BC942}") = "05Styles_FmodSamples", "05Styles_FmodSamples\05Styles_FmodSamples.vcproj", "{B9E0DFBF-95B9-4A38-AA45-1CED787613CD}"
EndProject
Project("{8BC9CEB8-8B4A-11D0-8D11-00A0C91BC942}") = "05Styles_StackC", "05Styles_StackC\05Styles_StackC.vcproj", "{90FD9D6C-E509-45B3-95A8-76933B77B610}"
EndProject
Project("{8BC9CEB8-8B4A-11D0-8D11-00A0C91BC942}") = "05Styles_StackCpp", "05Styles_StackCpp\05Styles_StackCpp.vcproj", "{FA8F7F01-5187-47D1-B263-377FE3E9BEEA}"
EndProject
Project("{8BC9CEB8-8B4A-11D0-8D11-00A0C91BC942}") = "05Styles_StackDatadriven", "05Styles_StackDatadriven\05Styles_StackDatadriven.vcproj", "{83F6C3BA-F720-4D5F-B33C-5D1994A35767}"
EndProject
Project("{8BC9CEB8-8B4A-11D0-8D11-00A0C91BC942}") = "05Styles_StackPreprocessor", "05Styles_StackPreprocessor\05Styles_StackPreprocessor.vcproj", "{B6BD7052-3B6B-4907-884E-9A9C38D9E6A5}"
EndProject
Project("{2150E333-8FDC-42A3-9474-1A3956D46DE8}") = "06_CppStyle", "06_CppStyle", "{840FDF15-B91D-4BAB-B682-F6C0702CE0CE}"
EndProject
Project("{8BC9CEB8-8B4A-11D0-8D11-00A0C91BC942}") = "06CppStyle_BadFriends", "06CppStyle_BadFriends\06CppStyle_BadFriends.vcproj", "{BA2A03DA-B6FF-4738-8152-F2DBE5FDFF01}"
EndProject
Project("{8BC9CEB8-8B4A-11D0-8D11-00A0C91BC942}") = "06CppStyle_Constructors", "06CppStyle_Constructors\06CppStyle_Constructors.vcproj", "{22D9FC39-7595-4C5C-A505-BD7A53E1FC38}"
EndProject
Project("{8BC9CEB8-8B4A-11D0-8D11-00A0C91BC942}") = "06CppStyle_ExternLeakage", "06CppStyle_ExternLeakage\06CppStyle_ExternLeakage.vcproj", "{8A85D151-2006-4F20-8B0F-2A102427E0F4}"
EndProject
Project("{8BC9CEB8-8B4A-11D0-8D11-00A0C91BC942}") = "06CppStyle_Operators", "06CppStyle_Operators\06CppStyle_Operators.vcproj", "{DA1B56C4-3A9B-4E47-8B4C-E5987E49330C}"
EndProject
Project("{8BC9CEB8-8B4A-11D0-8D11-00A0C91BC942}") = "06CppStyle_TemplateExplicit", "06CppStyle_TemplateExplicit\06CppStyle_TemplateExplicit.vcproj", "{E50258C2-D97D-4AC7-B4D4-82E8C5AD755D}"
EndProject
Project("{8BC9CEB8-8B4A-11D0-8D11-00A0C91BC942}") = "06CppStyle_TemplatePolymorphism", "06CppStyle_TemplatePolymorphism\06CppStyle_TemplatePolymorphism.vcproj", "{A56DD6F7-5795-4E49-B597-50CC360BBC59}"
EndProject
Project("{8BC9CEB8-8B4A-11D0-8D11-00A0C91BC942}") = "06CppStyle_TemplateSpecialization", "06CppStyle_TemplateSpecialization\06CppStyle_TemplateSpecialization.vcproj", "{71277669-5A0F-4A06-B11B-4257B972C1FC}"
EndProject
Project("{2150E333-8FDC-42A3-9474-1A3956D46DE8}") = "07_Performance", "07_Performance", "{FE969BAC-EECA-43CA-8A8C-3F21C5C3780E}"
EndProject
Project("{8BC9CEB8-8B4A-11D0-8D11-00A0C91BC942}") = "07Performance_AutoTimer", "07Performance_AutoTimer\07Performance_AutoTimer.vcproj", "{7814EA8B-5C79-4108-A1A8-7AC0470797D9}"
EndProject
Project("{8BC9CEB8-8B4A-11D0-8D11-00A0C91BC942}") = "07Performance_ConstReference", "07Performance_ConstReference\07Performance_ConstReference.vcproj", "{4305F921-21F2-4817-B96F-D40C03E166BC}"
EndProject
Project("{8BC9CEB8-8B4A-11D0-8D11-00A0C91BC942}") = "07Performance_CopyOnWrite", "07Performance_CopyOnWrite\07Performance_CopyOnWrite.vcproj", "{F3877FDE-C7A3-44E8-ADD2-F0897CF07804}"
EndProject
Project("{8BC9CEB8-8B4A-11D0-8D11-00A0C91BC942}") = "07Performance_Iterators", "07Performance_Iterators\07Performance_Iterators.vcproj", "{14FC0B5E-92C1-43B4-B230-D16A4C0D9F3F}"
EndProject
Project("{8BC9CEB8-8B4A-11D0-8D11-00A0C91BC942}") = "07Performance_RedundantIncludes", "07Performance_RedundantIncludes\07Performance_RedundantIncludes.vcproj", "{4A0DED52-F76B-49D3-A87B-653720CFBB77}"
EndProject
Project("{8BC9CEB8-8B4A-11D0-8D11-00A0C91BC942}") = "07Performance_StructSize", "07Performance_StructSize\07Performance_StructSize.vcproj", "{46632534-1DDF-40A9-AEE6-504D50747DB4}"
EndProject
Project("{8BC9CEB8-8B4A-11D0-8D11-00A0C91BC942}") = "07Performance_VirtualSpeed", "07Performance_VirtualSpeed\07Performance_VirtualSpeed.vcproj", "{590CD8D7-D9D1-44F0-B963-06DED3622480}"
EndProject
Project("{8BC9CEB8-8B4A-11D0-8D11-00A0C91BC942}") = "07Performance_GetterSpeed", "07Performance_GetterSpeed\07Performance_GetterSpeed.vcproj", "{7A3292F8-B02E-4827-BA5F-180F358DD86F}"
EndProject
Project("{2150E333-8FDC-42A3-9474-1A3956D46DE8}") = "08_Versioning", "08_Versioning", "{6DA53183-5BE7-4E88-9FDC-9322AA07D23C}"
EndProject
Project("{8BC9CEB8-8B4A-11D0-8D11-00A0C91BC942}") = "08Versioning_DeprecateCompiletime", "08Versioning_DeprecateCompiletime\08Versioning_DeprecateCompiletime.vcproj", "{0B5A3C09-F1E1-4B4E-B31C-4C523249C2C4}"
EndProject
Project("{8BC9CEB8-8B4A-11D0-8D11-00A0C91BC942}") = "08Versioning_DeprecateRuntime", "08Versioning_DeprecateRuntime\08Versioning_DeprecateRuntime.vcproj", "{12F3D6AA-7A38-4DBC-9033-D58BA9F38851}"
EndProject
Project("{8BC9CEB8-8B4A-11D0-8D11-00A0C91BC942}") = "08Versioning_VersionApi", "08Versioning_VersionApi\08Versioning_VersionApi.vcproj", "{A196B6DE-8BC4-4281-8B50-C4771E36B230}"
EndProject
Project("{2150E333-8FDC-42A3-9474-1A3956D46DE8}") = "09_Documentation", "09_Documentation", "{7F6F1C92-0B27-4883-BA87-3BFCD713FD1E}"
EndProject
Project("{8BC9CEB8-8B4A-11D0-8D11-00A0C91BC942}") = "09Documentation_Doxygen", "09Documentation_Doxygen\09Documentation_Doxygen.vcproj", "{A6CC0BE5-A45B-4151-BDF4-4513D9280E80}"
EndProject
Project("{2150E333-8FDC-42A3-9474-1A3956D46DE8}") = "10_Testing", "10_Testing", "{8414C51D-53C9-4692-ABB9-555C4C0A3096}"
EndProject
Project("{2150E333-8FDC-42A3-9474-1A3956D46DE8}") = "11_Scripting", "11_Scripting", "{10F15294-41E5-49EA-A5D8-DD803E14519E}"
EndProject
Project("{2150E333-8FDC-42A3-9474-1A3956D46DE8}") = "12_Extensibility", "12_Extensibility", "{D7A740F1-DAFD-4C7D-B018-5FA928720EC0}"
EndProject
Project("{8BC9CEB8-8B4A-11D0-8D11-00A0C91BC942}") = "10Testing_SelfTest", "10Testing_SelfTest\10Testing_SelfTest.vcproj", "{6820E533-C071-4097-849D-29BBFEA85086}"
EndProject
Project("{8BC9CEB8-8B4A-11D0-8D11-00A0C91BC942}") = "10Testing_UnitTest", "10Testing_UnitTest\10Testing_UnitTest.vcproj", "{90C4D619-96F3-458B-8C42-8A250A0E2FAF}"
EndProject
Project("{8BC9CEB8-8B4A-11D0-8D11-00A0C91BC942}") = "10Testing_WarGame", "10Testing_WarGame\10Testing_WarGame.vcproj", "{D992DB62-99F9-41F9-B184-EB397F0898E1}"
EndProject
Project("{8BC9CEB8-8B4A-11D0-8D11-00A0C91BC942}") = "11Scripting_Python", "11Scripting_Python\11Scripting_Python.vcproj", "{A6AA994F-2B62-496E-8E8B-4E6130698ED5}"
EndProject
Project("{8BC9CEB8-8B4A-11D0-8D11-00A0C91BC942}") = "11Scripting_Ruby", "11Scripting_Ruby\11Scripting_Ruby.vcproj", "{0E81A7CC-00D6-49F1-A7E4-0EE61033A9C7}"
EndProject
Project("{8BC9CEB8-8B4A-11D0-8D11-00A0C91BC942}") = "12Extensibility_CuriousTemplates", "12Extensibility_CuriousTemplates\12Extensibility_CuriousTemplates.vcproj", "{11F4E59D-9854-4BC1-948D-CAED4826B615}"
EndProject
Project("{8BC9CEB8-8B4A-11D0-8D11-00A0C91BC942}") = "12Extensibility_PluginApi", "12Extensibility_PluginApi\12Extensibility_PluginApi.vcproj", "{70B57738-E208-41E2-A61F-7C5C4293AC97}"
EndProject
Project("{8BC9CEB8-8B4A-11D0-8D11-00A0C91BC942}") = "12Extensibility_Visitor", "12Extensibility_Visitor\12Extensibility_Visitor.vcproj", "{95EB5562-8D48-448F-BB5B-2099EBF7DCDE}"
EndProject
Project("{2150E333-8FDC-42A3-9474-1A3956D46DE8}") = "AA_Libraries", "AA_Libraries", "{5C717894-CC41-4E95-9CEF-76E7CEA7BF33}"
EndProject
Project("{8BC9CEB8-8B4A-11D0-8D11-00A0C91BC942}") = "AALibraries_GccEntryPoint", "AALibraries_GccEntryPoint\AALibraries_GccEntryPoint.vcproj", "{EA904215-A4D0-49EB-AE1F-8DB3A8DE4A8D}"
EndProject
Project("{8BC9CEB8-8B4A-11D0-8D11-00A0C91BC942}") = "AALibraries_GccPlugin", "AALibraries_GccPlugin\AALibraries_GccPlugin.vcproj", "{260D44CF-90F5-4322-9551-A071F22DFC9D}"
EndProject
Global
	GlobalSection(SolutionConfigurationPlatforms) = preSolution
		Debug|Win32 = Debug|Win32
		Release|Win32 = Release|Win32
	EndGlobalSection
	GlobalSection(ProjectConfigurationPlatforms) = postSolution
		{B23C9C58-BF24-4A89-AE08-C97575F23962}.Debug|Win32.ActiveCfg = Debug|Win32
		{B23C9C58-BF24-4A89-AE08-C97575F23962}.Debug|Win32.Build.0 = Debug|Win32
		{B23C9C58-BF24-4A89-AE08-C97575F23962}.Release|Win32.ActiveCfg = Release|Win32
		{B23C9C58-BF24-4A89-AE08-C97575F23962}.Release|Win32.Build.0 = Release|Win32
		{7DA7026F-BF10-462D-A1E5-DC7B094DB666}.Debug|Win32.ActiveCfg = Debug|Win32
		{7DA7026F-BF10-462D-A1E5-DC7B094DB666}.Debug|Win32.Build.0 = Debug|Win32
		{7DA7026F-BF10-462D-A1E5-DC7B094DB666}.Release|Win32.ActiveCfg = Release|Win32
		{7DA7026F-BF10-462D-A1E5-DC7B094DB666}.Release|Win32.Build.0 = Release|Win32
		{D529AE97-7C8C-4C2E-9E04-906FE39CE8BA}.Debug|Win32.ActiveCfg = Debug|Win32
		{D529AE97-7C8C-4C2E-9E04-906FE39CE8BA}.Debug|Win32.Build.0 = Debug|Win32
		{D529AE97-7C8C-4C2E-9E04-906FE39CE8BA}.Release|Win32.ActiveCfg = Release|Win32
		{D529AE97-7C8C-4C2E-9E04-906FE39CE8BA}.Release|Win32.Build.0 = Release|Win32
		{68C90C1B-C3CD-46B5-A385-F33373E8D47F}.Debug|Win32.ActiveCfg = Debug|Win32
		{68C90C1B-C3CD-46B5-A385-F33373E8D47F}.Debug|Win32.Build.0 = Debug|Win32
		{68C90C1B-C3CD-46B5-A385-F33373E8D47F}.Release|Win32.ActiveCfg = Release|Win32
		{68C90C1B-C3CD-46B5-A385-F33373E8D47F}.Release|Win32.Build.0 = Release|Win32
		{D4A94E6A-7CF6-4F4F-A73C-8D9251540F07}.Debug|Win32.ActiveCfg = Debug|Win32
		{D4A94E6A-7CF6-4F4F-A73C-8D9251540F07}.Debug|Win32.Build.0 = Debug|Win32
		{D4A94E6A-7CF6-4F4F-A73C-8D9251540F07}.Release|Win32.ActiveCfg = Release|Win32
		{D4A94E6A-7CF6-4F4F-A73C-8D9251540F07}.Release|Win32.Build.0 = Release|Win32
		{596E3EAC-E3F9-4D93-8824-CC3DE962DD64}.Debug|Win32.ActiveCfg = Debug|Win32
		{596E3EAC-E3F9-4D93-8824-CC3DE962DD64}.Debug|Win32.Build.0 = Debug|Win32
		{596E3EAC-E3F9-4D93-8824-CC3DE962DD64}.Release|Win32.ActiveCfg = Release|Win32
		{596E3EAC-E3F9-4D93-8824-CC3DE962DD64}.Release|Win32.Build.0 = Release|Win32
		{F19BF9B6-0784-452D-B61C-22FE70DA8E49}.Debug|Win32.ActiveCfg = Debug|Win32
		{F19BF9B6-0784-452D-B61C-22FE70DA8E49}.Debug|Win32.Build.0 = Debug|Win32
		{F19BF9B6-0784-452D-B61C-22FE70DA8E49}.Release|Win32.ActiveCfg = Release|Win32
		{F19BF9B6-0784-452D-B61C-22FE70DA8E49}.Release|Win32.Build.0 = Release|Win32
		{B7ACE146-06E2-4415-8B77-9C8FBF850696}.Debug|Win32.ActiveCfg = Debug|Win32
		{B7ACE146-06E2-4415-8B77-9C8FBF850696}.Debug|Win32.Build.0 = Debug|Win32
		{B7ACE146-06E2-4415-8B77-9C8FBF850696}.Release|Win32.ActiveCfg = Release|Win32
		{B7ACE146-06E2-4415-8B77-9C8FBF850696}.Release|Win32.Build.0 = Release|Win32
		{E559A2B2-6B91-4CF4-96FB-4255030B56D1}.Debug|Win32.ActiveCfg = Debug|Win32
		{E559A2B2-6B91-4CF4-96FB-4255030B56D1}.Debug|Win32.Build.0 = Debug|Win32
		{E559A2B2-6B91-4CF4-96FB-4255030B56D1}.Release|Win32.ActiveCfg = Release|Win32
		{E559A2B2-6B91-4CF4-96FB-4255030B56D1}.Release|Win32.Build.0 = Release|Win32
		{A26CA468-9371-4398-AFBD-AAA352EDA874}.Debug|Win32.ActiveCfg = Debug|Win32
		{A26CA468-9371-4398-AFBD-AAA352EDA874}.Debug|Win32.Build.0 = Debug|Win32
		{A26CA468-9371-4398-AFBD-AAA352EDA874}.Release|Win32.ActiveCfg = Release|Win32
		{A26CA468-9371-4398-AFBD-AAA352EDA874}.Release|Win32.Build.0 = Release|Win32
		{E671D082-6AB1-40DB-93FC-CA0A5F694143}.Debug|Win32.ActiveCfg = Debug|Win32
		{E671D082-6AB1-40DB-93FC-CA0A5F694143}.Debug|Win32.Build.0 = Debug|Win32
		{E671D082-6AB1-40DB-93FC-CA0A5F694143}.Release|Win32.ActiveCfg = Release|Win32
		{E671D082-6AB1-40DB-93FC-CA0A5F694143}.Release|Win32.Build.0 = Release|Win32
		{CC72A0EA-379B-4AE6-ADF2-C85DD1A27A55}.Debug|Win32.ActiveCfg = Debug|Win32
		{CC72A0EA-379B-4AE6-ADF2-C85DD1A27A55}.Debug|Win32.Build.0 = Debug|Win32
		{CC72A0EA-379B-4AE6-ADF2-C85DD1A27A55}.Release|Win32.ActiveCfg = Release|Win32
		{CC72A0EA-379B-4AE6-ADF2-C85DD1A27A55}.Release|Win32.Build.0 = Release|Win32
		{6A96A0C6-464B-4C04-8220-0D5DC8B77406}.Debug|Win32.ActiveCfg = Debug|Win32
		{6A96A0C6-464B-4C04-8220-0D5DC8B77406}.Debug|Win32.Build.0 = Debug|Win32
		{6A96A0C6-464B-4C04-8220-0D5DC8B77406}.Release|Win32.ActiveCfg = Release|Win32
		{6A96A0C6-464B-4C04-8220-0D5DC8B77406}.Release|Win32.Build.0 = Release|Win32
		{9F3CA974-5A2E-4734-AD9B-A129A9767C8F}.Debug|Win32.ActiveCfg = Debug|Win32
		{9F3CA974-5A2E-4734-AD9B-A129A9767C8F}.Debug|Win32.Build.0 = Debug|Win32
		{9F3CA974-5A2E-4734-AD9B-A129A9767C8F}.Release|Win32.ActiveCfg = Release|Win32
		{9F3CA974-5A2E-4734-AD9B-A129A9767C8F}.Release|Win32.Build.0 = Release|Win32
		{1AC5A8F4-8C03-4012-B68A-CC5916A7502C}.Debug|Win32.ActiveCfg = Debug|Win32
		{1AC5A8F4-8C03-4012-B68A-CC5916A7502C}.Debug|Win32.Build.0 = Debug|Win32
		{1AC5A8F4-8C03-4012-B68A-CC5916A7502C}.Release|Win32.ActiveCfg = Release|Win32
		{1AC5A8F4-8C03-4012-B68A-CC5916A7502C}.Release|Win32.Build.0 = Release|Win32
		{27E18A9D-A36B-43DE-AF3F-A2FDB9CECB5E}.Debug|Win32.ActiveCfg = Debug|Win32
		{27E18A9D-A36B-43DE-AF3F-A2FDB9CECB5E}.Debug|Win32.Build.0 = Debug|Win32
		{27E18A9D-A36B-43DE-AF3F-A2FDB9CECB5E}.Release|Win32.ActiveCfg = Release|Win32
		{27E18A9D-A36B-43DE-AF3F-A2FDB9CECB5E}.Release|Win32.Build.0 = Release|Win32
		{5647EAF9-0B4F-4284-885C-006990BFB8B2}.Debug|Win32.ActiveCfg = Debug|Win32
		{5647EAF9-0B4F-4284-885C-006990BFB8B2}.Debug|Win32.Build.0 = Debug|Win32
		{5647EAF9-0B4F-4284-885C-006990BFB8B2}.Release|Win32.ActiveCfg = Release|Win32
		{5647EAF9-0B4F-4284-885C-006990BFB8B2}.Release|Win32.Build.0 = Release|Win32
		{A58EA606-1274-44B5-B9BC-DADC18869CFE}.Debug|Win32.ActiveCfg = Debug|Win32
		{A58EA606-1274-44B5-B9BC-DADC18869CFE}.Debug|Win32.Build.0 = Debug|Win32
		{A58EA606-1274-44B5-B9BC-DADC18869CFE}.Release|Win32.ActiveCfg = Release|Win32
		{A58EA606-1274-44B5-B9BC-DADC18869CFE}.Release|Win32.Build.0 = Release|Win32
		{B9E0DFBF-95B9-4A38-AA45-1CED787613CD}.Debug|Win32.ActiveCfg = Debug|Win32
		{B9E0DFBF-95B9-4A38-AA45-1CED787613CD}.Debug|Win32.Build.0 = Debug|Win32
		{B9E0DFBF-95B9-4A38-AA45-1CED787613CD}.Release|Win32.ActiveCfg = Release|Win32
		{B9E0DFBF-95B9-4A38-AA45-1CED787613CD}.Release|Win32.Build.0 = Release|Win32
		{90FD9D6C-E509-45B3-95A8-76933B77B610}.Debug|Win32.ActiveCfg = Debug|Win32
		{90FD9D6C-E509-45B3-95A8-76933B77B610}.Debug|Win32.Build.0 = Debug|Win32
		{90FD9D6C-E509-45B3-95A8-76933B77B610}.Release|Win32.ActiveCfg = Release|Win32
		{90FD9D6C-E509-45B3-95A8-76933B77B610}.Release|Win32.Build.0 = Release|Win32
		{FA8F7F01-5187-47D1-B263-377FE3E9BEEA}.Debug|Win32.ActiveCfg = Debug|Win32
		{FA8F7F01-5187-47D1-B263-377FE3E9BEEA}.Debug|Win32.Build.0 = Debug|Win32
		{FA8F7F01-5187-47D1-B263-377FE3E9BEEA}.Release|Win32.ActiveCfg = Release|Win32
		{FA8F7F01-5187-47D1-B263-377FE3E9BEEA}.Release|Win32.Build.0 = Release|Win32
		{83F6C3BA-F720-4D5F-B33C-5D1994A35767}.Debug|Win32.ActiveCfg = Debug|Win32
		{83F6C3BA-F720-4D5F-B33C-5D1994A35767}.Debug|Win32.Build.0 = Debug|Win32
		{83F6C3BA-F720-4D5F-B33C-5D1994A35767}.Release|Win32.ActiveCfg = Release|Win32
		{83F6C3BA-F720-4D5F-B33C-5D1994A35767}.Release|Win32.Build.0 = Release|Win32
		{B6BD7052-3B6B-4907-884E-9A9C38D9E6A5}.Debug|Win32.ActiveCfg = Debug|Win32
		{B6BD7052-3B6B-4907-884E-9A9C38D9E6A5}.Debug|Win32.Build.0 = Debug|Win32
		{B6BD7052-3B6B-4907-884E-9A9C38D9E6A5}.Release|Win32.ActiveCfg = Release|Win32
		{B6BD7052-3B6B-4907-884E-9A9C38D9E6A5}.Release|Win32.Build.0 = Release|Win32
		{BA2A03DA-B6FF-4738-8152-F2DBE5FDFF01}.Debug|Win32.ActiveCfg = Debug|Win32
		{BA2A03DA-B6FF-4738-8152-F2DBE5FDFF01}.Debug|Win32.Build.0 = Debug|Win32
		{BA2A03DA-B6FF-4738-8152-F2DBE5FDFF01}.Release|Win32.ActiveCfg = Release|Win32
		{BA2A03DA-B6FF-4738-8152-F2DBE5FDFF01}.Release|Win32.Build.0 = Release|Win32
		{22D9FC39-7595-4C5C-A505-BD7A53E1FC38}.Debug|Win32.ActiveCfg = Debug|Win32
		{22D9FC39-7595-4C5C-A505-BD7A53E1FC38}.Debug|Win32.Build.0 = Debug|Win32
		{22D9FC39-7595-4C5C-A505-BD7A53E1FC38}.Release|Win32.ActiveCfg = Release|Win32
		{22D9FC39-7595-4C5C-A505-BD7A53E1FC38}.Release|Win32.Build.0 = Release|Win32
		{8A85D151-2006-4F20-8B0F-2A102427E0F4}.Debug|Win32.ActiveCfg = Debug|Win32
		{8A85D151-2006-4F20-8B0F-2A102427E0F4}.Debug|Win32.Build.0 = Debug|Win32
		{8A85D151-2006-4F20-8B0F-2A102427E0F4}.Release|Win32.ActiveCfg = Release|Win32
		{8A85D151-2006-4F20-8B0F-2A102427E0F4}.Release|Win32.Build.0 = Release|Win32
		{DA1B56C4-3A9B-4E47-8B4C-E5987E49330C}.Debug|Win32.ActiveCfg = Debug|Win32
		{DA1B56C4-3A9B-4E47-8B4C-E5987E49330C}.Debug|Win32.Build.0 = Debug|Win32
		{DA1B56C4-3A9B-4E47-8B4C-E5987E49330C}.Release|Win32.ActiveCfg = Release|Win32
		{DA1B56C4-3A9B-4E47-8B4C-E5987E49330C}.Release|Win32.Build.0 = Release|Win32
		{E50258C2-D97D-4AC7-B4D4-82E8C5AD755D}.Debug|Win32.ActiveCfg = Debug|Win32
		{E50258C2-D97D-4AC7-B4D4-82E8C5AD755D}.Debug|Win32.Build.0 = Debug|Win32
		{E50258C2-D97D-4AC7-B4D4-82E8C5AD755D}.Release|Win32.ActiveCfg = Release|Win32
		{E50258C2-D97D-4AC7-B4D4-82E8C5AD755D}.Release|Win32.Build.0 = Release|Win32
		{A56DD6F7-5795-4E49-B597-50CC360BBC59}.Debug|Win32.ActiveCfg = Debug|Win32
		{A56DD6F7-5795-4E49-B597-50CC360BBC59}.Debug|Win32.Build.0 = Debug|Win32
		{A56DD6F7-5795-4E49-B597-50CC360BBC59}.Release|Win32.ActiveCfg = Release|Win32
		{A56DD6F7-5795-4E49-B597-50CC360BBC59}.Release|Win32.Build.0 = Release|Win32
		{71277669-5A0F-4A06-B11B-4257B972C1FC}.Debug|Win32.ActiveCfg = Debug|Win32
		{71277669-5A0F-4A06-B11B-4257B972C1FC}.Debug|Win32.Build.0 = Debug|Win32
		{71277669-5A0F-4A06-B11B-4257B972C1FC}.Release|Win32.ActiveCfg = Release|Win32
		{71277669-5A0F-4A06-B11B-4257B972C1FC}.Release|Win32.Build.0 = Release|Win32
		{7814EA8B-5C79-4108-A1A8-7AC0470797D9}.Debug|Win32.ActiveCfg = Debug|Win32
		{7814EA8B-5C79-4108-A1A8-7AC0470797D9}.Debug|Win32.Build.0 = Debug|Win32
		{7814EA8B-5C79-4108-A1A8-7AC0470797D9}.Release|Win32.ActiveCfg = Release|Win32
		{7814EA8B-5C79-4108-A1A8-7AC0470797D9}.Release|Win32.Build.0 = Release|Win32
		{4305F921-21F2-4817-B96F-D40C03E166BC}.Debug|Win32.ActiveCfg = Debug|Win32
		{4305F921-21F2-4817-B96F-D40C03E166BC}.Debug|Win32.Build.0 = Debug|Win32
		{4305F921-21F2-4817-B96F-D40C03E166BC}.Release|Win32.ActiveCfg = Release|Win32
		{4305F921-21F2-4817-B96F-D40C03E166BC}.Release|Win32.Build.0 = Release|Win32
		{F3877FDE-C7A3-44E8-ADD2-F0897CF07804}.Debug|Win32.ActiveCfg = Debug|Win32
		{F3877FDE-C7A3-44E8-ADD2-F0897CF07804}.Debug|Win32.Build.0 = Debug|Win32
		{F3877FDE-C7A3-44E8-ADD2-F0897CF07804}.Release|Win32.ActiveCfg = Release|Win32
		{F3877FDE-C7A3-44E8-ADD2-F0897CF07804}.Release|Win32.Build.0 = Release|Win32
		{14FC0B5E-92C1-43B4-B230-D16A4C0D9F3F}.Debug|Win32.ActiveCfg = Debug|Win32
		{14FC0B5E-92C1-43B4-B230-D16A4C0D9F3F}.Debug|Win32.Build.0 = Debug|Win32
		{14FC0B5E-92C1-43B4-B230-D16A4C0D9F3F}.Release|Win32.ActiveCfg = Release|Win32
		{14FC0B5E-92C1-43B4-B230-D16A4C0D9F3F}.Release|Win32.Build.0 = Release|Win32
		{4A0DED52-F76B-49D3-A87B-653720CFBB77}.Debug|Win32.ActiveCfg = Debug|Win32
		{4A0DED52-F76B-49D3-A87B-653720CFBB77}.Debug|Win32.Build.0 = Debug|Win32
		{4A0DED52-F76B-49D3-A87B-653720CFBB77}.Release|Win32.ActiveCfg = Release|Win32
		{4A0DED52-F76B-49D3-A87B-653720CFBB77}.Release|Win32.Build.0 = Release|Win32
		{46632534-1DDF-40A9-AEE6-504D50747DB4}.Debug|Win32.ActiveCfg = Debug|Win32
		{46632534-1DDF-40A9-AEE6-504D50747DB4}.Debug|Win32.Build.0 = Debug|Win32
		{46632534-1DDF-40A9-AEE6-504D50747DB4}.Release|Win32.ActiveCfg = Release|Win32
		{46632534-1DDF-40A9-AEE6-504D50747DB4}.Release|Win32.Build.0 = Release|Win32
		{590CD8D7-D9D1-44F0-B963-06DED3622480}.Debug|Win32.ActiveCfg = Debug|Win32
		{590CD8D7-D9D1-44F0-B963-06DED3622480}.Debug|Win32.Build.0 = Debug|Win32
		{590CD8D7-D9D1-44F0-B963-06DED3622480}.Release|Win32.ActiveCfg = Release|Win32
		{590CD8D7-D9D1-44F0-B963-06DED3622480}.Release|Win32.Build.0 = Release|Win32
		{7A3292F8-B02E-4827-BA5F-180F358DD86F}.Debug|Win32.ActiveCfg = Debug|Win32
		{7A3292F8-B02E-4827-BA5F-180F358DD86F}.Debug|Win32.Build.0 = Debug|Win32
		{7A3292F8-B02E-4827-BA5F-180F358DD86F}.Release|Win32.ActiveCfg = Release|Win32
		{7A3292F8-B02E-4827-BA5F-180F358DD86F}.Release|Win32.Build.0 = Release|Win32
		{0B5A3C09-F1E1-4B4E-B31C-4C523249C2C4}.Debug|Win32.ActiveCfg = Debug|Win32
		{0B5A3C09-F1E1-4B4E-B31C-4C523249C2C4}.Debug|Win32.Build.0 = Debug|Win32
		{0B5A3C09-F1E1-4B4E-B31C-4C523249C2C4}.Release|Win32.ActiveCfg = Release|Win32
		{0B5A3C09-F1E1-4B4E-B31C-4C523249C2C4}.Release|Win32.Build.0 = Release|Win32
		{12F3D6AA-7A38-4DBC-9033-D58BA9F38851}.Debug|Win32.ActiveCfg = Debug|Win32
		{12F3D6AA-7A38-4DBC-9033-D58BA9F38851}.Debug|Win32.Build.0 = Debug|Win32
		{12F3D6AA-7A38-4DBC-9033-D58BA9F38851}.Release|Win32.ActiveCfg = Release|Win32
		{12F3D6AA-7A38-4DBC-9033-D58BA9F38851}.Release|Win32.Build.0 = Release|Win32
		{A196B6DE-8BC4-4281-8B50-C4771E36B230}.Debug|Win32.ActiveCfg = Debug|Win32
		{A196B6DE-8BC4-4281-8B50-C4771E36B230}.Debug|Win32.Build.0 = Debug|Win32
		{A196B6DE-8BC4-4281-8B50-C4771E36B230}.Release|Win32.ActiveCfg = Release|Win32
		{A196B6DE-8BC4-4281-8B50-C4771E36B230}.Release|Win32.Build.0 = Release|Win32
		{A6CC0BE5-A45B-4151-BDF4-4513D9280E80}.Debug|Win32.ActiveCfg = Debug|Win32
		{A6CC0BE5-A45B-4151-BDF4-4513D9280E80}.Debug|Win32.Build.0 = Debug|Win32
		{A6CC0BE5-A45B-4151-BDF4-4513D9280E80}.Release|Win32.ActiveCfg = Release|Win32
		{A6CC0BE5-A45B-4151-BDF4-4513D9280E80}.Release|Win32.Build.0 = Release|Win32
		{6820E533-C071-4097-849D-29BBFEA85086}.Debug|Win32.ActiveCfg = Debug|Win32
		{6820E533-C071-4097-849D-29BBFEA85086}.Debug|Win32.Build.0 = Debug|Win32
		{6820E533-C071-4097-849D-29BBFEA85086}.Release|Win32.ActiveCfg = Release|Win32
		{6820E533-C071-4097-849D-29BBFEA85086}.Release|Win32.Build.0 = Release|Win32
		{90C4D619-96F3-458B-8C42-8A250A0E2FAF}.Debug|Win32.ActiveCfg = Debug|Win32
		{90C4D619-96F3-458B-8C42-8A250A0E2FAF}.Debug|Win32.Build.0 = Debug|Win32
		{90C4D619-96F3-458B-8C42-8A250A0E2FAF}.Release|Win32.ActiveCfg = Release|Win32
		{90C4D619-96F3-458B-8C42-8A250A0E2FAF}.Release|Win32.Build.0 = Release|Win32
		{D992DB62-99F9-41F9-B184-EB397F0898E1}.Debug|Win32.ActiveCfg = Debug|Win32
		{D992DB62-99F9-41F9-B184-EB397F0898E1}.Debug|Win32.Build.0 = Debug|Win32
		{D992DB62-99F9-41F9-B184-EB397F0898E1}.Release|Win32.ActiveCfg = Release|Win32
		{D992DB62-99F9-41F9-B184-EB397F0898E1}.Release|Win32.Build.0 = Release|Win32
		{A6AA994F-2B62-496E-8E8B-4E6130698ED5}.Debug|Win32.ActiveCfg = Debug|Win32
		{A6AA994F-2B62-496E-8E8B-4E6130698ED5}.Debug|Win32.Build.0 = Debug|Win32
		{A6AA994F-2B62-496E-8E8B-4E6130698ED5}.Release|Win32.ActiveCfg = Release|Win32
		{A6AA994F-2B62-496E-8E8B-4E6130698ED5}.Release|Win32.Build.0 = Release|Win32
		{0E81A7CC-00D6-49F1-A7E4-0EE61033A9C7}.Debug|Win32.ActiveCfg = Debug|Win32
		{0E81A7CC-00D6-49F1-A7E4-0EE61033A9C7}.Debug|Win32.Build.0 = Debug|Win32
		{0E81A7CC-00D6-49F1-A7E4-0EE61033A9C7}.Release|Win32.ActiveCfg = Release|Win32
		{0E81A7CC-00D6-49F1-A7E4-0EE61033A9C7}.Release|Win32.Build.0 = Release|Win32
		{11F4E59D-9854-4BC1-948D-CAED4826B615}.Debug|Win32.ActiveCfg = Debug|Win32
		{11F4E59D-9854-4BC1-948D-CAED4826B615}.Debug|Win32.Build.0 = Debug|Win32
		{11F4E59D-9854-4BC1-948D-CAED4826B615}.Release|Win32.ActiveCfg = Release|Win32
		{11F4E59D-9854-4BC1-948D-CAED4826B615}.Release|Win32.Build.0 = Release|Win32
		{70B57738-E208-41E2-A61F-7C5C4293AC97}.Debug|Win32.ActiveCfg = Debug|Win32
		{70B57738-E208-41E2-A61F-7C5C4293AC97}.Debug|Win32.Build.0 = Debug|Win32
		{70B57738-E208-41E2-A61F-7C5C4293AC97}.Release|Win32.ActiveCfg = Release|Win32
		{70B57738-E208-41E2-A61F-7C5C4293AC97}.Release|Win32.Build.0 = Release|Win32
		{95EB5562-8D48-448F-BB5B-2099EBF7DCDE}.Debug|Win32.ActiveCfg = Debug|Win32
		{95EB5562-8D48-448F-BB5B-2099EBF7DCDE}.Debug|Win32.Build.0 = Debug|Win32
		{95EB5562-8D48-448F-BB5B-2099EBF7DCDE}.Release|Win32.ActiveCfg = Release|Win32
		{95EB5562-8D48-448F-BB5B-2099EBF7DCDE}.Release|Win32.Build.0 = Release|Win32
		{EA904215-A4D0-49EB-AE1F-8DB3A8DE4A8D}.Debug|Win32.ActiveCfg = Debug|Win32
		{EA904215-A4D0-49EB-AE1F-8DB3A8DE4A8D}.Debug|Win32.Build.0 = Debug|Win32
		{EA904215-A4D0-49EB-AE1F-8DB3A8DE4A8D}.Release|Win32.ActiveCfg = Release|Win32
		{EA904215-A4D0-49EB-AE1F-8DB3A8DE4A8D}.Release|Win32.Build.0 = Release|Win32
		{260D44CF-90F5-4322-9551-A071F22DFC9D}.Debug|Win32.ActiveCfg = Debug|Win32
		{260D44CF-90F5-4322-9551-A071F22DFC9D}.Debug|Win32.Build.0 = Debug|Win32
		{260D44CF-90F5-4322-9551-A071F22DFC9D}.Release|Win32.ActiveCfg = Release|Win32
		{260D44CF-90F5-4322-9551-A071F22DFC9D}.Release|Win32.Build.0 = Release|Win32
	EndGlobalSection
	GlobalSection(SolutionProperties) = preSolution
		HideSolutionNode = FALSE
	EndGlobalSection
	GlobalSection(NestedProjects) = preSolution
		{7DA7026F-BF10-462D-A1E5-DC7B094DB666} = {BC62D923-B692-4FDE-A205-52EB09A3BD77}
		{D529AE97-7C8C-4C2E-9E04-906FE39CE8BA} = {BC62D923-B692-4FDE-A205-52EB09A3BD77}
		{68C90C1B-C3CD-46B5-A385-F33373E8D47F} = {BC62D923-B692-4FDE-A205-52EB09A3BD77}
		{D4A94E6A-7CF6-4F4F-A73C-8D9251540F07} = {BC62D923-B692-4FDE-A205-52EB09A3BD77}
		{B23C9C58-BF24-4A89-AE08-C97575F23962} = {BC62D923-B692-4FDE-A205-52EB09A3BD77}
		{F19BF9B6-0784-452D-B61C-22FE70DA8E49} = {0CC45947-2139-41BA-8A33-D918B597CC29}
		{B7ACE146-06E2-4415-8B77-9C8FBF850696} = {0CC45947-2139-41BA-8A33-D918B597CC29}
		{E559A2B2-6B91-4CF4-96FB-4255030B56D1} = {0CC45947-2139-41BA-8A33-D918B597CC29}
		{A26CA468-9371-4398-AFBD-AAA352EDA874} = {0CC45947-2139-41BA-8A33-D918B597CC29}
		{E671D082-6AB1-40DB-93FC-CA0A5F694143} = {0CC45947-2139-41BA-8A33-D918B597CC29}
		{CC72A0EA-379B-4AE6-ADF2-C85DD1A27A55} = {0CC45947-2139-41BA-8A33-D918B597CC29}
		{6A96A0C6-464B-4C04-8220-0D5DC8B77406} = {0CC45947-2139-41BA-8A33-D918B597CC29}
		{9F3CA974-5A2E-4734-AD9B-A129A9767C8F} = {0CC45947-2139-41BA-8A33-D918B597CC29}
		{1AC5A8F4-8C03-4012-B68A-CC5916A7502C} = {0CC45947-2139-41BA-8A33-D918B597CC29}
		{27E18A9D-A36B-43DE-AF3F-A2FDB9CECB5E} = {0CC45947-2139-41BA-8A33-D918B597CC29}
		{5647EAF9-0B4F-4284-885C-006990BFB8B2} = {0CC45947-2139-41BA-8A33-D918B597CC29}
		{596E3EAC-E3F9-4D93-8824-CC3DE962DD64} = {0CC45947-2139-41BA-8A33-D918B597CC29}
		{A58EA606-1274-44B5-B9BC-DADC18869CFE} = {D10A0DB9-8B1F-4EBC-8024-E43315DA68A4}
		{B9E0DFBF-95B9-4A38-AA45-1CED787613CD} = {89B1810F-EB4F-4BBA-8E9D-7FF0DF8B3EBE}
		{90FD9D6C-E509-45B3-95A8-76933B77B610} = {89B1810F-EB4F-4BBA-8E9D-7FF0DF8B3EBE}
		{FA8F7F01-5187-47D1-B263-377FE3E9BEEA} = {89B1810F-EB4F-4BBA-8E9D-7FF0DF8B3EBE}
		{83F6C3BA-F720-4D5F-B33C-5D1994A35767} = {89B1810F-EB4F-4BBA-8E9D-7FF0DF8B3EBE}
		{B6BD7052-3B6B-4907-884E-9A9C38D9E6A5} = {89B1810F-EB4F-4BBA-8E9D-7FF0DF8B3EBE}
		{BA2A03DA-B6FF-4738-8152-F2DBE5FDFF01} = {840FDF15-B91D-4BAB-B682-F6C0702CE0CE}
		{22D9FC39-7595-4C5C-A505-BD7A53E1FC38} = {840FDF15-B91D-4BAB-B682-F6C0702CE0CE}
		{8A85D151-2006-4F20-8B0F-2A102427E0F4} = {840FDF15-B91D-4BAB-B682-F6C0702CE0CE}
		{DA1B56C4-3A9B-4E47-8B4C-E5987E49330C} = {840FDF15-B91D-4BAB-B682-F6C0702CE0CE}
		{E50258C2-D97D-4AC7-B4D4-82E8C5AD755D} = {840FDF15-B91D-4BAB-B682-F6C0702CE0CE}
		{A56DD6F7-5795-4E49-B597-50CC360BBC59} = {840FDF15-B91D-4BAB-B682-F6C0702CE0CE}
		{71277669-5A0F-4A06-B11B-4257B972C1FC} = {840FDF15-B91D-4BAB-B682-F6C0702CE0CE}
		{7814EA8B-5C79-4108-A1A8-7AC0470797D9} = {FE969BAC-EECA-43CA-8A8C-3F21C5C3780E}
		{4305F921-21F2-4817-B96F-D40C03E166BC} = {FE969BAC-EECA-43CA-8A8C-3F21C5C3780E}
		{F3877FDE-C7A3-44E8-ADD2-F0897CF07804} = {FE969BAC-EECA-43CA-8A8C-3F21C5C3780E}
		{14FC0B5E-92C1-43B4-B230-D16A4C0D9F3F} = {FE969BAC-EECA-43CA-8A8C-3F21C5C3780E}
		{4A0DED52-F76B-49D3-A87B-653720CFBB77} = {FE969BAC-EECA-43CA-8A8C-3F21C5C3780E}
		{46632534-1DDF-40A9-AEE6-504D50747DB4} = {FE969BAC-EECA-43CA-8A8C-3F21C5C3780E}
		{590CD8D7-D9D1-44F0-B963-06DED3622480} = {FE969BAC-EECA-43CA-8A8C-3F21C5C3780E}
		{7A3292F8-B02E-4827-BA5F-180F358DD86F} = {FE969BAC-EECA-43CA-8A8C-3F21C5C3780E}
		{0B5A3C09-F1E1-4B4E-B31C-4C523249C2C4} = {6DA53183-5BE7-4E88-9FDC-9322AA07D23C}
		{12F3D6AA-7A38-4DBC-9033-D58BA9F38851} = {6DA53183-5BE7-4E88-9FDC-9322AA07D23C}
		{A196B6DE-8BC4-4281-8B50-C4771E36B230} = {6DA53183-5BE7-4E88-9FDC-9322AA07D23C}
		{A6CC0BE5-A45B-4151-BDF4-4513D9280E80} = {7F6F1C92-0B27-4883-BA87-3BFCD713FD1E}
		{6820E533-C071-4097-849D-29BBFEA85086} = {8414C51D-53C9-4692-ABB9-555C4C0A3096}
		{90C4D619-96F3-458B-8C42-8A250A0E2FAF} = {8414C51D-53C9-4692-ABB9-555C4C0A3096}
		{D992DB62-99F9-41F9-B184-EB397F0898E1} = {8414C51D-53C9-4692-ABB9-555C4C0A3096}
		{A6AA994F-2B62-496E-8E8B-4E6130698ED5} = {10F15294-41E5-49EA-A5D8-DD803E14519E}
		{0E81A7CC-00D6-49F1-A7E4-0EE61033A9C7} = {10F15294-41E5-49EA-A5D8-DD803E14519E}
		{11F4E59D-9854-4BC1-948D-CAED4826B615} = {D7A740F1-DAFD-4C7D-B018-5FA928720EC0}
		{70B57738-E208-41E2-A61F-7C5C4293AC97} = {D7A740F1-DAFD-4C7D-B018-5FA928720EC0}
		{95EB5562-8D48-448F-BB5B-2099EBF7DCDE} = {D7A740F1-DAFD-4C7D-B018-5FA928720EC0}
		{EA904215-A4D0-49EB-AE1F-8DB3A8DE4A8D} = {5C717894-CC41-4E95-9CEF-76E7CEA7BF33}
		{260D44CF-90F5-4322-9551-A071F22DFC9D} = {5C717894-CC41-4E95-9CEF-76E7CEA7BF33}
	EndGlobalSection
EndGlobal
